
Microsoft Visual Studio Solution File, Format Version 12.00
# Visual Studio Version 16
VisualStudioVersion = 16.0.29728.190
MinimumVisualStudioVersion = 10.0.40219.1
Project("{FAE04EC0-301F-11D3-BF4B-00C04F79EFBC}") = "EstateAgency", "EstateAgency\EstateAgency.csproj", "{D1165A1D-7347-4D08-8BBC-89C7CE090078}"
EndProject
Global
	GlobalSection(SolutionConfigurationPlatforms) = preSolution
		Debug|Any CPU = Debug|Any CPU
		Release|Any CPU = Release|Any CPU
	EndGlobalSection
	GlobalSection(ProjectConfigurationPlatforms) = postSolution
		{D1165A1D-7347-4D08-8BBC-89C7CE090078}.Debug|Any CPU.ActiveCfg = Debug|Any CPU
		{D1165A1D-7347-4D08-8BBC-89C7CE090078}.Debug|Any CPU.Build.0 = Debug|Any CPU
		{D1165A1D-7347-4D08-8BBC-89C7CE090078}.Release|Any CPU.ActiveCfg = Release|Any CPU
		{D1165A1D-7347-4D08-8BBC-89C7CE090078}.Release|Any CPU.Build.0 = Release|Any CPU
	EndGlobalSection
	GlobalSection(SolutionProperties) = preSolution
		HideSolutionNode = FALSE
	EndGlobalSection
	GlobalSection(ExtensibilityGlobals) = postSolution
		SolutionGuid = {0A425CB3-A94D-41DE-85C2-129AC5E84633}
	EndGlobalSection
EndGlobal
